
Microsoft Visual Studio Solution File, Format Version 12.00
Project("{FAE04EC0-301F-11D3-BF4B-00C04F79EFBC}") = "Day1", "Day1\Day1.csproj", "{78106CAE-FB09-46E9-8CF2-3E233A63C56A}"
EndProject
Project("{2150E333-8FDC-42A3-9474-1A3956D46DE8}") = "Day1", "Day1", "{72E31366-7E1D-41E3-BE5E-4E3608972D99}"
EndProject
Project("{FAE04EC0-301F-11D3-BF4B-00C04F79EFBC}") = "Day1.Tests", "Day1.Tests\Day1.Tests.csproj", "{21847D15-E66A-4581-B9ED-16A2B79DA0EB}"
EndProject
Project("{2150E333-8FDC-42A3-9474-1A3956D46DE8}") = "Day2", "Day2", "{ACE6040A-1DF5-4A90-B818-C8BF097A10C6}"
EndProject
Project("{FAE04EC0-301F-11D3-BF4B-00C04F79EFBC}") = "Day2", "Day2\Day2.csproj", "{B26348FD-0558-4F48-A4B8-DD5A635FCB94}"
EndProject
Project("{FAE04EC0-301F-11D3-BF4B-00C04F79EFBC}") = "Day2.Tests", "Day2.Tests\Day2.Tests.csproj", "{5E9AC8D5-56AF-47B5-854B-5087BCF6E0EA}"
EndProject
Project("{2150E333-8FDC-42A3-9474-1A3956D46DE8}") = "Day3", "Day3", "{3353783D-6FB5-492F-A35D-40BC84EF66A2}"
EndProject
Project("{FAE04EC0-301F-11D3-BF4B-00C04F79EFBC}") = "Day3.Tests", "Day3.Tests\Day3.Tests.csproj", "{092BD74E-5037-4480-9E78-31BE7E421C2F}"
EndProject
Project("{FAE04EC0-301F-11D3-BF4B-00C04F79EFBC}") = "Day3", "Day3\Day3.csproj", "{CE1C9110-F0F9-46F3-BD7F-739B54C9203D}"
EndProject
Project("{2150E333-8FDC-42A3-9474-1A3956D46DE8}") = "Day4", "Day4", "{3A1219BA-C898-4B51-B8A1-DB2585053F50}"
EndProject
Project("{FAE04EC0-301F-11D3-BF4B-00C04F79EFBC}") = "Day4", "Day4\Day4.csproj", "{9146AF87-D064-499A-8FF7-D351A42F7ABA}"
EndProject
Project("{FAE04EC0-301F-11D3-BF4B-00C04F79EFBC}") = "Day4.Tests", "Day4.Tests\Day4.Tests.csproj", "{D27AEBB4-AC9E-43FD-9649-69B3457995AC}"
EndProject
Project("{2150E333-8FDC-42A3-9474-1A3956D46DE8}") = "Day5", "Day5", "{AFE0690F-4B3B-4686-ACA8-D46A40D1264B}"
EndProject
Project("{FAE04EC0-301F-11D3-BF4B-00C04F79EFBC}") = "Day5.Tests", "Day5.Tests\Day5.Tests.csproj", "{BCC4CC2A-9948-43B8-881D-4D652F36501D}"
EndProject
Project("{FAE04EC0-301F-11D3-BF4B-00C04F79EFBC}") = "Day5", "Day5\Day5.csproj", "{1D152087-687A-47C4-9BB3-1C8BAC890348}"
EndProject
Project("{2150E333-8FDC-42A3-9474-1A3956D46DE8}") = "Day6", "Day6", "{2E90F5B6-32C8-4B24-A522-137141196E29}"
EndProject
Project("{FAE04EC0-301F-11D3-BF4B-00C04F79EFBC}") = "Day6", "Day6\Day6.csproj", "{CBB7CF06-E6F8-4CC3-B78A-16CE297B11CD}"
EndProject
Project("{FAE04EC0-301F-11D3-BF4B-00C04F79EFBC}") = "Day6.Tests", "Day6.Tests\Day6.Tests.csproj", "{6FEB4CF4-82D6-41DB-A02C-C1C466E87535}"
EndProject
Global
	GlobalSection(SolutionConfigurationPlatforms) = preSolution
		Debug|Any CPU = Debug|Any CPU
		Release|Any CPU = Release|Any CPU
	EndGlobalSection
	GlobalSection(ProjectConfigurationPlatforms) = postSolution
		{78106CAE-FB09-46E9-8CF2-3E233A63C56A}.Debug|Any CPU.ActiveCfg = Debug|Any CPU
		{78106CAE-FB09-46E9-8CF2-3E233A63C56A}.Debug|Any CPU.Build.0 = Debug|Any CPU
		{78106CAE-FB09-46E9-8CF2-3E233A63C56A}.Release|Any CPU.ActiveCfg = Release|Any CPU
		{78106CAE-FB09-46E9-8CF2-3E233A63C56A}.Release|Any CPU.Build.0 = Release|Any CPU
		{21847D15-E66A-4581-B9ED-16A2B79DA0EB}.Debug|Any CPU.ActiveCfg = Debug|Any CPU
		{21847D15-E66A-4581-B9ED-16A2B79DA0EB}.Debug|Any CPU.Build.0 = Debug|Any CPU
		{21847D15-E66A-4581-B9ED-16A2B79DA0EB}.Release|Any CPU.ActiveCfg = Release|Any CPU
		{21847D15-E66A-4581-B9ED-16A2B79DA0EB}.Release|Any CPU.Build.0 = Release|Any CPU
		{B26348FD-0558-4F48-A4B8-DD5A635FCB94}.Debug|Any CPU.ActiveCfg = Debug|Any CPU
		{B26348FD-0558-4F48-A4B8-DD5A635FCB94}.Debug|Any CPU.Build.0 = Debug|Any CPU
		{B26348FD-0558-4F48-A4B8-DD5A635FCB94}.Release|Any CPU.ActiveCfg = Release|Any CPU
		{B26348FD-0558-4F48-A4B8-DD5A635FCB94}.Release|Any CPU.Build.0 = Release|Any CPU
		{5E9AC8D5-56AF-47B5-854B-5087BCF6E0EA}.Debug|Any CPU.ActiveCfg = Debug|Any CPU
		{5E9AC8D5-56AF-47B5-854B-5087BCF6E0EA}.Debug|Any CPU.Build.0 = Debug|Any CPU
		{5E9AC8D5-56AF-47B5-854B-5087BCF6E0EA}.Release|Any CPU.ActiveCfg = Release|Any CPU
		{5E9AC8D5-56AF-47B5-854B-5087BCF6E0EA}.Release|Any CPU.Build.0 = Release|Any CPU
		{092BD74E-5037-4480-9E78-31BE7E421C2F}.Debug|Any CPU.ActiveCfg = Debug|Any CPU
		{092BD74E-5037-4480-9E78-31BE7E421C2F}.Debug|Any CPU.Build.0 = Debug|Any CPU
		{092BD74E-5037-4480-9E78-31BE7E421C2F}.Release|Any CPU.ActiveCfg = Release|Any CPU
		{092BD74E-5037-4480-9E78-31BE7E421C2F}.Release|Any CPU.Build.0 = Release|Any CPU
		{CE1C9110-F0F9-46F3-BD7F-739B54C9203D}.Debug|Any CPU.ActiveCfg = Debug|Any CPU
		{CE1C9110-F0F9-46F3-BD7F-739B54C9203D}.Debug|Any CPU.Build.0 = Debug|Any CPU
		{CE1C9110-F0F9-46F3-BD7F-739B54C9203D}.Release|Any CPU.ActiveCfg = Release|Any CPU
		{CE1C9110-F0F9-46F3-BD7F-739B54C9203D}.Release|Any CPU.Build.0 = Release|Any CPU
		{9146AF87-D064-499A-8FF7-D351A42F7ABA}.Debug|Any CPU.ActiveCfg = Debug|Any CPU
		{9146AF87-D064-499A-8FF7-D351A42F7ABA}.Debug|Any CPU.Build.0 = Debug|Any CPU
		{9146AF87-D064-499A-8FF7-D351A42F7ABA}.Release|Any CPU.ActiveCfg = Release|Any CPU
		{9146AF87-D064-499A-8FF7-D351A42F7ABA}.Release|Any CPU.Build.0 = Release|Any CPU
		{D27AEBB4-AC9E-43FD-9649-69B3457995AC}.Debug|Any CPU.ActiveCfg = Debug|Any CPU
		{D27AEBB4-AC9E-43FD-9649-69B3457995AC}.Debug|Any CPU.Build.0 = Debug|Any CPU
		{D27AEBB4-AC9E-43FD-9649-69B3457995AC}.Release|Any CPU.ActiveCfg = Release|Any CPU
		{D27AEBB4-AC9E-43FD-9649-69B3457995AC}.Release|Any CPU.Build.0 = Release|Any CPU
		{BCC4CC2A-9948-43B8-881D-4D652F36501D}.Debug|Any CPU.ActiveCfg = Debug|Any CPU
		{BCC4CC2A-9948-43B8-881D-4D652F36501D}.Debug|Any CPU.Build.0 = Debug|Any CPU
		{BCC4CC2A-9948-43B8-881D-4D652F36501D}.Release|Any CPU.ActiveCfg = Release|Any CPU
		{BCC4CC2A-9948-43B8-881D-4D652F36501D}.Release|Any CPU.Build.0 = Release|Any CPU
		{1D152087-687A-47C4-9BB3-1C8BAC890348}.Debug|Any CPU.ActiveCfg = Debug|Any CPU
		{1D152087-687A-47C4-9BB3-1C8BAC890348}.Debug|Any CPU.Build.0 = Debug|Any CPU
		{1D152087-687A-47C4-9BB3-1C8BAC890348}.Release|Any CPU.ActiveCfg = Release|Any CPU
		{1D152087-687A-47C4-9BB3-1C8BAC890348}.Release|Any CPU.Build.0 = Release|Any CPU
		{CBB7CF06-E6F8-4CC3-B78A-16CE297B11CD}.Debug|Any CPU.ActiveCfg = Debug|Any CPU
		{CBB7CF06-E6F8-4CC3-B78A-16CE297B11CD}.Debug|Any CPU.Build.0 = Debug|Any CPU
		{CBB7CF06-E6F8-4CC3-B78A-16CE297B11CD}.Release|Any CPU.ActiveCfg = Release|Any CPU
		{CBB7CF06-E6F8-4CC3-B78A-16CE297B11CD}.Release|Any CPU.Build.0 = Release|Any CPU
		{6FEB4CF4-82D6-41DB-A02C-C1C466E87535}.Debug|Any CPU.ActiveCfg = Debug|Any CPU
		{6FEB4CF4-82D6-41DB-A02C-C1C466E87535}.Debug|Any CPU.Build.0 = Debug|Any CPU
		{6FEB4CF4-82D6-41DB-A02C-C1C466E87535}.Release|Any CPU.ActiveCfg = Release|Any CPU
		{6FEB4CF4-82D6-41DB-A02C-C1C466E87535}.Release|Any CPU.Build.0 = Release|Any CPU
	EndGlobalSection
	GlobalSection(NestedProjects) = preSolution
		{78106CAE-FB09-46E9-8CF2-3E233A63C56A} = {72E31366-7E1D-41E3-BE5E-4E3608972D99}
		{21847D15-E66A-4581-B9ED-16A2B79DA0EB} = {72E31366-7E1D-41E3-BE5E-4E3608972D99}
		{B26348FD-0558-4F48-A4B8-DD5A635FCB94} = {ACE6040A-1DF5-4A90-B818-C8BF097A10C6}
		{5E9AC8D5-56AF-47B5-854B-5087BCF6E0EA} = {ACE6040A-1DF5-4A90-B818-C8BF097A10C6}
		{092BD74E-5037-4480-9E78-31BE7E421C2F} = {3353783D-6FB5-492F-A35D-40BC84EF66A2}
		{CE1C9110-F0F9-46F3-BD7F-739B54C9203D} = {3353783D-6FB5-492F-A35D-40BC84EF66A2}
		{9146AF87-D064-499A-8FF7-D351A42F7ABA} = {3A1219BA-C898-4B51-B8A1-DB2585053F50}
		{D27AEBB4-AC9E-43FD-9649-69B3457995AC} = {3A1219BA-C898-4B51-B8A1-DB2585053F50}
		{BCC4CC2A-9948-43B8-881D-4D652F36501D} = {AFE0690F-4B3B-4686-ACA8-D46A40D1264B}
		{1D152087-687A-47C4-9BB3-1C8BAC890348} = {AFE0690F-4B3B-4686-ACA8-D46A40D1264B}
		{CBB7CF06-E6F8-4CC3-B78A-16CE297B11CD} = {2E90F5B6-32C8-4B24-A522-137141196E29}
		{6FEB4CF4-82D6-41DB-A02C-C1C466E87535} = {2E90F5B6-32C8-4B24-A522-137141196E29}
	EndGlobalSection
EndGlobal
