
Microsoft Visual Studio Solution File, Format Version 12.00
Project("{FAE04EC0-301F-11D3-BF4B-00C04F79EFBC}") = "Day1", "Day1\Day1.csproj", "{78106CAE-FB09-46E9-8CF2-3E233A63C56A}"
EndProject
Project("{2150E333-8FDC-42A3-9474-1A3956D46DE8}") = "Day1", "Day1", "{72E31366-7E1D-41E3-BE5E-4E3608972D99}"
EndProject
Project("{FAE04EC0-301F-11D3-BF4B-00C04F79EFBC}") = "Day1.Tests", "Day1.Tests\Day1.Tests.csproj", "{21847D15-E66A-4581-B9ED-16A2B79DA0EB}"
EndProject
Project("{2150E333-8FDC-42A3-9474-1A3956D46DE8}") = "Day2", "Day2", "{ACE6040A-1DF5-4A90-B818-C8BF097A10C6}"
EndProject
Project("{FAE04EC0-301F-11D3-BF4B-00C04F79EFBC}") = "Day2", "Day2\Day2.csproj", "{B26348FD-0558-4F48-A4B8-DD5A635FCB94}"
EndProject
Project("{FAE04EC0-301F-11D3-BF4B-00C04F79EFBC}") = "Day2.Tests", "Day2.Tests\Day2.Tests.csproj", "{5E9AC8D5-56AF-47B5-854B-5087BCF6E0EA}"
EndProject
Global
	GlobalSection(SolutionConfigurationPlatforms) = preSolution
		Debug|Any CPU = Debug|Any CPU
		Release|Any CPU = Release|Any CPU
	EndGlobalSection
	GlobalSection(ProjectConfigurationPlatforms) = postSolution
		{78106CAE-FB09-46E9-8CF2-3E233A63C56A}.Debug|Any CPU.ActiveCfg = Debug|Any CPU
		{78106CAE-FB09-46E9-8CF2-3E233A63C56A}.Debug|Any CPU.Build.0 = Debug|Any CPU
		{78106CAE-FB09-46E9-8CF2-3E233A63C56A}.Release|Any CPU.ActiveCfg = Release|Any CPU
		{78106CAE-FB09-46E9-8CF2-3E233A63C56A}.Release|Any CPU.Build.0 = Release|Any CPU
		{21847D15-E66A-4581-B9ED-16A2B79DA0EB}.Debug|Any CPU.ActiveCfg = Debug|Any CPU
		{21847D15-E66A-4581-B9ED-16A2B79DA0EB}.Debug|Any CPU.Build.0 = Debug|Any CPU
		{21847D15-E66A-4581-B9ED-16A2B79DA0EB}.Release|Any CPU.ActiveCfg = Release|Any CPU
		{21847D15-E66A-4581-B9ED-16A2B79DA0EB}.Release|Any CPU.Build.0 = Release|Any CPU
		{B26348FD-0558-4F48-A4B8-DD5A635FCB94}.Debug|Any CPU.ActiveCfg = Debug|Any CPU
		{B26348FD-0558-4F48-A4B8-DD5A635FCB94}.Debug|Any CPU.Build.0 = Debug|Any CPU
		{B26348FD-0558-4F48-A4B8-DD5A635FCB94}.Release|Any CPU.ActiveCfg = Release|Any CPU
		{B26348FD-0558-4F48-A4B8-DD5A635FCB94}.Release|Any CPU.Build.0 = Release|Any CPU
		{5E9AC8D5-56AF-47B5-854B-5087BCF6E0EA}.Debug|Any CPU.ActiveCfg = Debug|Any CPU
		{5E9AC8D5-56AF-47B5-854B-5087BCF6E0EA}.Debug|Any CPU.Build.0 = Debug|Any CPU
		{5E9AC8D5-56AF-47B5-854B-5087BCF6E0EA}.Release|Any CPU.ActiveCfg = Release|Any CPU
		{5E9AC8D5-56AF-47B5-854B-5087BCF6E0EA}.Release|Any CPU.Build.0 = Release|Any CPU
	EndGlobalSection
	GlobalSection(NestedProjects) = preSolution
		{78106CAE-FB09-46E9-8CF2-3E233A63C56A} = {72E31366-7E1D-41E3-BE5E-4E3608972D99}
		{21847D15-E66A-4581-B9ED-16A2B79DA0EB} = {72E31366-7E1D-41E3-BE5E-4E3608972D99}
		{B26348FD-0558-4F48-A4B8-DD5A635FCB94} = {ACE6040A-1DF5-4A90-B818-C8BF097A10C6}
		{5E9AC8D5-56AF-47B5-854B-5087BCF6E0EA} = {ACE6040A-1DF5-4A90-B818-C8BF097A10C6}
	EndGlobalSection
EndGlobal
